Microsoft Visual Studio Solution File, Format Version 12.00
# Visual Studio Version 17
VisualStudioVersion = 17.0.31903.59
MinimumVisualStudioVersion = 10.0.40219.1
Project("{FAE04EC0-301F-11D3-BF4B-00C04F79EFBC}") = "FileGroupy", "FileGroupy.csproj", "{5D7D1365-A76B-4F0C-BBDB-B8D6B85153EE}"
EndProject
Global
	GlobalSection(SolutionConfigurationPlatforms) = preSolution
		Debug|Any CPU = Debug|Any CPU
		Release|Any CPU = Release|Any CPU
	EndGlobalSection
	GlobalSection(ProjectConfigurationPlatforms) = postSolution
		{5D7D1365-A76B-4F0C-BBDB-B8D6B85153EE}.Debug|Any CPU.ActiveCfg = Debug|Any CPU
		{5D7D1365-A76B-4F0C-BBDB-B8D6B85153EE}.Debug|Any CPU.Build.0 = Debug|Any CPU
		{5D7D1365-A76B-4F0C-BBDB-B8D6B85153EE}.Release|Any CPU.ActiveCfg = Release|Any CPU
		{5D7D1365-A76B-4F0C-BBDB-B8D6B85153EE}.Release|Any CPU.Build.0 = Release|Any CPU
	EndGlobalSection
EndGlobal